
Microsoft Visual Studio Solution File, Format Version 12.00
# Visual Studio Version 17
VisualStudioVersion = 17.0.32112.339
MinimumVisualStudioVersion = 10.0.40219.1
Project("{9A19103F-16F7-4668-BE54-9A1E7A4F7556}") = "IdentityProvider", "IdentityProvider\IdentityProvider.csproj", "{F7B16D16-8FAD-434C-BBCA-F5DCE9F4520F}"
EndProject
Project("{9A19103F-16F7-4668-BE54-9A1E7A4F7556}") = "BlazorClient", "BlazorClient\BlazorClient.csproj", "{C64248EA-72D8-4F45-BF64-7B46BABCB78A}"
EndProject
Project("{FAE04EC0-301F-11D3-BF4B-00C04F79EFBC}") = "WeatherApi", "WeatherApi\WeatherApi.csproj", "{2B9E86AE-92A3-44A0-AEB7-CE4CB50F4B33}"
EndProject
Global
	GlobalSection(SolutionConfigurationPlatforms) = preSolution
		Debug|Any CPU = Debug|Any CPU
		Release|Any CPU = Release|Any CPU
	EndGlobalSection
	GlobalSection(ProjectConfigurationPlatforms) = postSolution
		{F7B16D16-8FAD-434C-BBCA-F5DCE9F4520F}.Debug|Any CPU.ActiveCfg = Debug|Any CPU
		{F7B16D16-8FAD-434C-BBCA-F5DCE9F4520F}.Debug|Any CPU.Build.0 = Debug|Any CPU
		{F7B16D16-8FAD-434C-BBCA-F5DCE9F4520F}.Release|Any CPU.ActiveCfg = Release|Any CPU
		{F7B16D16-8FAD-434C-BBCA-F5DCE9F4520F}.Release|Any CPU.Build.0 = Release|Any CPU
		{C64248EA-72D8-4F45-BF64-7B46BABCB78A}.Debug|Any CPU.ActiveCfg = Debug|Any CPU
		{C64248EA-72D8-4F45-BF64-7B46BABCB78A}.Debug|Any CPU.Build.0 = Debug|Any CPU
		{C64248EA-72D8-4F45-BF64-7B46BABCB78A}.Release|Any CPU.ActiveCfg = Release|Any CPU
		{C64248EA-72D8-4F45-BF64-7B46BABCB78A}.Release|Any CPU.Build.0 = Release|Any CPU
		{2B9E86AE-92A3-44A0-AEB7-CE4CB50F4B33}.Debug|Any CPU.ActiveCfg = Debug|Any CPU
		{2B9E86AE-92A3-44A0-AEB7-CE4CB50F4B33}.Debug|Any CPU.Build.0 = Debug|Any CPU
		{2B9E86AE-92A3-44A0-AEB7-CE4CB50F4B33}.Release|Any CPU.ActiveCfg = Release|Any CPU
		{2B9E86AE-92A3-44A0-AEB7-CE4CB50F4B33}.Release|Any CPU.Build.0 = Release|Any CPU
	EndGlobalSection
	GlobalSection(SolutionProperties) = preSolution
		HideSolutionNode = FALSE
	EndGlobalSection
	GlobalSection(ExtensibilityGlobals) = postSolution
		SolutionGuid = {09E3EA1D-760A-411D-AF34-11B7E047F660}
	EndGlobalSection
EndGlobal
